{
  "pins" : [
    {
      "identity" : "dojo-ios-sdk",
      "kind" : "remoteSourceControl",
      "location" : "git@github.com:dojo-engineering/dojo-ios-sdk",
      "state" : {
        "revision" : "eb6aba07f7b1612cb1374a1f22dc7fc5d6baa681",
        "version" : "1.4.2"
      }
    }
  ],
  "version" : 2
}
