{
  "pins" : [
    {
      "identity" : "dojo-ios-sdk",
      "kind" : "remoteSourceControl",
      "location" : "https://github.com/dojo-engineering/dojo-ios-sdk",
      "state" : {
        "revision" : "e15ef1597f2d356636517b8705ccfce60a41f34c",
        "version" : "1.4.5"
      }
    }
  ],
  "version" : 2
}
