PODS:
  - CocoaDebug (1.7.2)
  - dojo-ios-sdk (1.4.5)
  - dojo-ios-sdk-drop-in-ui (1.4.6):
    - dojo-ios-sdk (= 1.4.5)

DEPENDENCIES:
  - CocoaDebug
  - dojo-ios-sdk (from `https://github.com/dojo-engineering/dojo-ios-sdk.git`, tag `1.4.5`)
  - dojo-ios-sdk-drop-in-ui (from `../`)

SPEC REPOS:
  trunk:
    - CocoaDebug

EXTERNAL SOURCES:
  dojo-ios-sdk:
    :git: https://github.com/dojo-engineering/dojo-ios-sdk.git
    :tag: 1.4.5
  dojo-ios-sdk-drop-in-ui:
    :path: "../"

CHECKOUT OPTIONS:
  dojo-ios-sdk:
    :git: https://github.com/dojo-engineering/dojo-ios-sdk.git
    :tag: 1.4.5

SPEC CHECKSUMS:
  CocoaDebug: 61cf93ada6ce8f3407507dc01f9b874d91ac1d5c
  dojo-ios-sdk: 1e67c18b802f13f2bd10e087169bb9579627c60c
  dojo-ios-sdk-drop-in-ui: fc0a3770862ebafb8faf157d6adbfac7acba4a49

PODFILE CHECKSUM: 292474e283c7dcd5702c414016da07be1532f1fb

COCOAPODS: 1.17.0
