PODS:
  - CocoaDebug (1.7.2)
  - dojo-ios-sdk (0.7.0)
  - dojo-ios-sdk-drop-in-ui (0.1.0):
    - dojo-ios-sdk (= 0.7.0)

DEPENDENCIES:
  - CocoaDebug
  - "dojo-ios-sdk (from `git@github.com:Dojo-Engineering/dojo-ios-sdk.git`, tag `0.7.0`)"
  - dojo-ios-sdk-drop-in-ui (from `../`)

SPEC REPOS:
  trunk:
    - CocoaDebug

EXTERNAL SOURCES:
  dojo-ios-sdk:
    :git: "git@github.com:Dojo-Engineering/dojo-ios-sdk.git"
    :tag: 0.7.0
  dojo-ios-sdk-drop-in-ui:
    :path: "../"

CHECKOUT OPTIONS:
  dojo-ios-sdk:
    :git: "git@github.com:Dojo-Engineering/dojo-ios-sdk.git"
    :tag: 0.7.0

SPEC CHECKSUMS:
  CocoaDebug: 61cf93ada6ce8f3407507dc01f9b874d91ac1d5c
  dojo-ios-sdk: 047a9d14b49b636d94a2b75de2fa8e0297ab96bb
  dojo-ios-sdk-drop-in-ui: d937833b90700d14d7d015b549dccc409cc5a953

PODFILE CHECKSUM: 6ecf16d15d4bfab62c354fd32364482e7ee31bee

COCOAPODS: 1.11.3
