// !$*UTF8*$!
{
	archiveVersion = 1;
	classes = {
	};
	objectVersion = 46;
	objects = {

/* Begin PBXBuildFile section */
		276FE0DF2898145F00AA836C /* ViewController.swift in Sources */ = {isa = PBXBuildFile; fileRef = 276FE0D72898145F00AA836C /* ViewController.swift */; };
		276FE0E02898145F00AA836C /* LaunchScreen.xib in Resources */ = {isa = PBXBuildFile; fileRef = 276FE0D82898145F00AA836C /* LaunchScreen.xib */; };
		276FE0E12898145F00AA836C /* Main.storyboard in Resources */ = {isa = PBXBuildFile; fileRef = 276FE0DA2898145F00AA836C /* Main.storyboard */; };
		276FE0E22898145F00AA836C /* Images.xcassets in Resources */ = {isa = PBXBuildFile; fileRef = 276FE0DC2898145F00AA836C /* Images.xcassets */; };
		276FE0E32898145F00AA836C /* AppDelegate.swift in Sources */ = {isa = PBXBuildFile; fileRef = 276FE0DD2898145F00AA836C /* AppDelegate.swift */; };
		607FACEC1AFB9204008FA782 /* Tests.swift in Sources */ = {isa = PBXBuildFile; fileRef = 607FACEB1AFB9204008FA782 /* Tests.swift */; };
		ABCD8628497ED5BD67CB63F1 /* Pods_dojo_ios_sdk_drop_in_ui_Tests.framework in Frameworks */ = {isa = PBXBuildFile; fileRef = 9573EE7EB6308EBA07C2A643 /* Pods_dojo_ios_sdk_drop_in_ui_Tests.framework */; };
		B34C5D7F9DF3F8E3EB193E7D /* Pods_Dojo_SDK_UI.framework in Frameworks */ = {isa = PBXBuildFile; fileRef = F3D3DD6C79AEA8DC6C8573DE /* Pods_Dojo_SDK_UI.framework */; };
/* End PBXBuildFile section */

/* Begin PBXContainerItemProxy section */
		607FACE61AFB9204008FA782 /* PBXContainerItemProxy */ = {
			isa = PBXContainerItemProxy;
			containerPortal = 607FACC81AFB9204008FA782 /* Project object */;
			proxyType = 1;
			remoteGlobalIDString = 607FACCF1AFB9204008FA782;
			remoteInfo = "dojo-ios-sdk-drop-in-ui";
		};
/* End PBXContainerItemProxy section */

/* Begin PBXFileReference section */
		09C94811FB3F4BB749BF4FEB /* LICENSE */ = {isa = PBXFileReference; includeInIndex = 1; lastKnownFileType = text; name = LICENSE; path = ../LICENSE; sourceTree = "<group>"; };
		273045D129093BC8004F57E9 /* dojo-ios-sdk-drop-in-ui_Example.entitlements */ = {isa = PBXFileReference; lastKnownFileType = text.plist.entitlements; path = "dojo-ios-sdk-drop-in-ui_Example.entitlements"; sourceTree = "<group>"; };
		276FE0D72898145F00AA836C /* ViewController.swift */ = {isa = PBXFileReference; fileEncoding = 4; lastKnownFileType = sourcecode.swift; path = ViewController.swift; sourceTree = "<group>"; };
		276FE0D92898145F00AA836C /* Base */ = {isa = PBXFileReference; lastKnownFileType = file.xib; name = Base; path = Base.lproj/LaunchScreen.xib; sourceTree = "<group>"; };
		276FE0DB2898145F00AA836C /* Base */ = {isa = PBXFileReference; lastKnownFileType = file.storyboard; name = Base; path = Base.lproj/Main.storyboard; sourceTree = "<group>"; };
		276FE0DC2898145F00AA836C /* Images.xcassets */ = {isa = PBXFileReference; lastKnownFileType = folder.assetcatalog; path = Images.xcassets; sourceTree = "<group>"; };
		276FE0DD2898145F00AA836C /* AppDelegate.swift */ = {isa = PBXFileReference; fileEncoding = 4; lastKnownFileType = sourcecode.swift; path = AppDelegate.swift; sourceTree = "<group>"; };
		276FE0DE2898145F00AA836C /* Info.plist */ = {isa = PBXFileReference; fileEncoding = 4; lastKnownFileType = text.plist.xml; path = Info.plist; sourceTree = "<group>"; };
		2F5FB72621BADFBCA408D490 /* Pods-dojo-ios-sdk-drop-in-ui_Example.debug.xcconfig */ = {isa = PBXFileReference; includeInIndex = 1; lastKnownFileType = text.xcconfig; name = "Pods-dojo-ios-sdk-drop-in-ui_Example.debug.xcconfig"; path = "Target Support Files/Pods-dojo-ios-sdk-drop-in-ui_Example/Pods-dojo-ios-sdk-drop-in-ui_Example.debug.xcconfig"; sourceTree = "<group>"; };
		3418D55A7DB533EAAFFAC9AA /* Pods-dojo-ios-sdk-drop-in-ui_Example.release.xcconfig */ = {isa = PBXFileReference; includeInIndex = 1; lastKnownFileType = text.xcconfig; name = "Pods-dojo-ios-sdk-drop-in-ui_Example.release.xcconfig"; path = "Target Support Files/Pods-dojo-ios-sdk-drop-in-ui_Example/Pods-dojo-ios-sdk-drop-in-ui_Example.release.xcconfig"; sourceTree = "<group>"; };
		3D15DB3326900CEEB74CA2F4 /* dojo-ios-sdk-drop-in-ui.podspec */ = {isa = PBXFileReference; includeInIndex = 1; lastKnownFileType = text; name = "dojo-ios-sdk-drop-in-ui.podspec"; path = "../dojo-ios-sdk-drop-in-ui.podspec"; sourceTree = "<group>"; xcLanguageSpecificationIdentifier = xcode.lang.ruby; };
		598FF2AD9762949C674C9385 /* Pods-Dojo-SDK-UI.debug.xcconfig */ = {isa = PBXFileReference; includeInIndex = 1; lastKnownFileType = text.xcconfig; name = "Pods-Dojo-SDK-UI.debug.xcconfig"; path = "Target Support Files/Pods-Dojo-SDK-UI/Pods-Dojo-SDK-UI.debug.xcconfig"; sourceTree = "<group>"; };
		607FACD01AFB9204008FA782 /* Dojo-SDK-UI.app */ = {isa = PBXFileReference; explicitFileType = wrapper.application; includeInIndex = 0; path = "Dojo-SDK-UI.app"; sourceTree = BUILT_PRODUCTS_DIR; };
		607FACE51AFB9204008FA782 /* dojo-ios-sdk-drop-in-ui_Tests.xctest */ = {isa = PBXFileReference; explicitFileType = wrapper.cfbundle; includeInIndex = 0; path = "dojo-ios-sdk-drop-in-ui_Tests.xctest"; sourceTree = BUILT_PRODUCTS_DIR; };
		607FACEA1AFB9204008FA782 /* Info.plist */ = {isa = PBXFileReference; lastKnownFileType = text.plist.xml; path = Info.plist; sourceTree = "<group>"; };
		607FACEB1AFB9204008FA782 /* Tests.swift */ = {isa = PBXFileReference; lastKnownFileType = sourcecode.swift; path = Tests.swift; sourceTree = "<group>"; };
		8A43F148B661C037645F5564 /* Pods-dojo-ios-sdk-drop-in-ui_Tests.debug.xcconfig */ = {isa = PBXFileReference; includeInIndex = 1; lastKnownFileType = text.xcconfig; name = "Pods-dojo-ios-sdk-drop-in-ui_Tests.debug.xcconfig"; path = "Target Support Files/Pods-dojo-ios-sdk-drop-in-ui_Tests/Pods-dojo-ios-sdk-drop-in-ui_Tests.debug.xcconfig"; sourceTree = "<group>"; };
		92AFB2ACC90E0D268BC1B76E /* Pods-Dojo SDK UI.debug.xcconfig */ = {isa = PBXFileReference; includeInIndex = 1; lastKnownFileType = text.xcconfig; name = "Pods-Dojo SDK UI.debug.xcconfig"; path = "Target Support Files/Pods-Dojo SDK UI/Pods-Dojo SDK UI.debug.xcconfig"; sourceTree = "<group>"; };
		9573EE7EB6308EBA07C2A643 /* Pods_dojo_ios_sdk_drop_in_ui_Tests.framework */ = {isa = PBXFileReference; explicitFileType = wrapper.framework; includeInIndex = 0; path = Pods_dojo_ios_sdk_drop_in_ui_Tests.framework; sourceTree = BUILT_PRODUCTS_DIR; };
		AE617861993E3742BA4B04F6 /* Pods-dojo-ios-sdk-drop-in-ui_Tests.release.xcconfig */ = {isa = PBXFileReference; includeInIndex = 1; lastKnownFileType = text.xcconfig; name = "Pods-dojo-ios-sdk-drop-in-ui_Tests.release.xcconfig"; path = "Target Support Files/Pods-dojo-ios-sdk-drop-in-ui_Tests/Pods-dojo-ios-sdk-drop-in-ui_Tests.release.xcconfig"; sourceTree = "<group>"; };
		B52C0F39D969A38766AAE19A /* README.md */ = {isa = PBXFileReference; includeInIndex = 1; lastKnownFileType = net.daringfireball.markdown; name = README.md; path = ../README.md; sourceTree = "<group>"; };
		C3AAC0026453171A2A7AE4E1 /* Pods-Dojo SDK UI.release.xcconfig */ = {isa = PBXFileReference; includeInIndex = 1; lastKnownFileType = text.xcconfig; name = "Pods-Dojo SDK UI.release.xcconfig"; path = "Target Support Files/Pods-Dojo SDK UI/Pods-Dojo SDK UI.release.xcconfig"; sourceTree = "<group>"; };
		DC504533B71B1BE4EACB8F7B /* Pods-Dojo-SDK-UI.release.xcconfig */ = {isa = PBXFileReference; includeInIndex = 1; lastKnownFileType = text.xcconfig; name = "Pods-Dojo-SDK-UI.release.xcconfig"; path = "Target Support Files/Pods-Dojo-SDK-UI/Pods-Dojo-SDK-UI.release.xcconfig"; sourceTree = "<group>"; };
		F3D3DD6C79AEA8DC6C8573DE /* Pods_Dojo_SDK_UI.framework */ = {isa = PBXFileReference; explicitFileType = wrapper.framework; includeInIndex = 0; path = Pods_Dojo_SDK_UI.framework; sourceTree = BUILT_PRODUCTS_DIR; };
/* End PBXFileReference section */

/* Begin PBXFrameworksBuildPhase section */
		607FACCD1AFB9204008FA782 /* Frameworks */ = {
			isa = PBXFrameworksBuildPhase;
			buildActionMask = 2147483647;
			files = (
				B34C5D7F9DF3F8E3EB193E7D /* Pods_Dojo_SDK_UI.framework in Frameworks */,
			);
			runOnlyForDeploymentPostprocessing = 0;
		};
		607FACE21AFB9204008FA782 /* Frameworks */ = {
			isa = PBXFrameworksBuildPhase;
			buildActionMask = 2147483647;
			files = (
				ABCD8628497ED5BD67CB63F1 /* Pods_dojo_ios_sdk_drop_in_ui_Tests.framework in Frameworks */,
			);
			runOnlyForDeploymentPostprocessing = 0;
		};
/* End PBXFrameworksBuildPhase section */

/* Begin PBXGroup section */
		276FE0D62898145F00AA836C /* Example */ = {
			isa = PBXGroup;
			children = (
				276FE0D72898145F00AA836C /* ViewController.swift */,
				276FE0D82898145F00AA836C /* LaunchScreen.xib */,
				276FE0DA2898145F00AA836C /* Main.storyboard */,
				276FE0DC2898145F00AA836C /* Images.xcassets */,
				276FE0DD2898145F00AA836C /* AppDelegate.swift */,
				276FE0DE2898145F00AA836C /* Info.plist */,
			);
			path = Example;
			sourceTree = "<group>";
		};
		607FACC71AFB9204008FA782 = {
			isa = PBXGroup;
			children = (
				273045D129093BC8004F57E9 /* dojo-ios-sdk-drop-in-ui_Example.entitlements */,
				276FE0D62898145F00AA836C /* Example */,
				607FACF51AFB993E008FA782 /* Podspec Metadata */,
				607FACE81AFB9204008FA782 /* Tests */,
				607FACD11AFB9204008FA782 /* Products */,
				D9099AA519471730F08D56E2 /* Pods */,
				75873CCE3C689B622C155F33 /* Frameworks */,
			);
			sourceTree = "<group>";
		};
		607FACD11AFB9204008FA782 /* Products */ = {
			isa = PBXGroup;
			children = (
				607FACD01AFB9204008FA782 /* Dojo-SDK-UI.app */,
				607FACE51AFB9204008FA782 /* dojo-ios-sdk-drop-in-ui_Tests.xctest */,
			);
			name = Products;
			sourceTree = "<group>";
		};
		607FACE81AFB9204008FA782 /* Tests */ = {
			isa = PBXGroup;
			children = (
				607FACEB1AFB9204008FA782 /* Tests.swift */,
				607FACE91AFB9204008FA782 /* Supporting Files */,
			);
			path = Tests;
			sourceTree = "<group>";
		};
		607FACE91AFB9204008FA782 /* Supporting Files */ = {
			isa = PBXGroup;
			children = (
				607FACEA1AFB9204008FA782 /* Info.plist */,
			);
			name = "Supporting Files";
			sourceTree = "<group>";
		};
		607FACF51AFB993E008FA782 /* Podspec Metadata */ = {
			isa = PBXGroup;
			children = (
				3D15DB3326900CEEB74CA2F4 /* dojo-ios-sdk-drop-in-ui.podspec */,
				B52C0F39D969A38766AAE19A /* README.md */,
				09C94811FB3F4BB749BF4FEB /* LICENSE */,
			);
			name = "Podspec Metadata";
			sourceTree = "<group>";
		};
		75873CCE3C689B622C155F33 /* Frameworks */ = {
			isa = PBXGroup;
			children = (
				9573EE7EB6308EBA07C2A643 /* Pods_dojo_ios_sdk_drop_in_ui_Tests.framework */,
				F3D3DD6C79AEA8DC6C8573DE /* Pods_Dojo_SDK_UI.framework */,
			);
			name = Frameworks;
			sourceTree = "<group>";
		};
		D9099AA519471730F08D56E2 /* Pods */ = {
			isa = PBXGroup;
			children = (
				2F5FB72621BADFBCA408D490 /* Pods-dojo-ios-sdk-drop-in-ui_Example.debug.xcconfig */,
				3418D55A7DB533EAAFFAC9AA /* Pods-dojo-ios-sdk-drop-in-ui_Example.release.xcconfig */,
				8A43F148B661C037645F5564 /* Pods-dojo-ios-sdk-drop-in-ui_Tests.debug.xcconfig */,
				AE617861993E3742BA4B04F6 /* Pods-dojo-ios-sdk-drop-in-ui_Tests.release.xcconfig */,
				92AFB2ACC90E0D268BC1B76E /* Pods-Dojo SDK UI.debug.xcconfig */,
				C3AAC0026453171A2A7AE4E1 /* Pods-Dojo SDK UI.release.xcconfig */,
				598FF2AD9762949C674C9385 /* Pods-Dojo-SDK-UI.debug.xcconfig */,
				DC504533B71B1BE4EACB8F7B /* Pods-Dojo-SDK-UI.release.xcconfig */,
			);
			path = Pods;
			sourceTree = "<group>";
		};
/* End PBXGroup section */

/* Begin PBXNativeTarget section */
		607FACCF1AFB9204008FA782 /* Dojo-SDK-UI */ = {
			isa = PBXNativeTarget;
			buildConfigurationList = 607FACEF1AFB9204008FA782 /* Build configuration list for PBXNativeTarget "Dojo-SDK-UI" */;
			buildPhases = (
				3C2A8191C86D62EA19CDF931 /* [CP] Check Pods Manifest.lock */,
				607FACCC1AFB9204008FA782 /* Sources */,
				607FACCD1AFB9204008FA782 /* Frameworks */,
				607FACCE1AFB9204008FA782 /* Resources */,
				C266038732CF55C4269291C1 /* [CP] Embed Pods Frameworks */,
				2B4F2374D6F40E5B69657F67 /* [CP] Copy Pods Resources */,
			);
			buildRules = (
			);
			dependencies = (
			);
			name = "Dojo-SDK-UI";
			productName = "dojo-ios-sdk-drop-in-ui";
			productReference = 607FACD01AFB9204008FA782 /* Dojo-SDK-UI.app */;
			productType = "com.apple.product-type.application";
		};
		607FACE41AFB9204008FA782 /* dojo-ios-sdk-drop-in-ui_Tests */ = {
			isa = PBXNativeTarget;
			buildConfigurationList = 607FACF21AFB9204008FA782 /* Build configuration list for PBXNativeTarget "dojo-ios-sdk-drop-in-ui_Tests" */;
			buildPhases = (
				7BDB1F267519759AA5995F10 /* [CP] Check Pods Manifest.lock */,
				607FACE11AFB9204008FA782 /* Sources */,
				607FACE21AFB9204008FA782 /* Frameworks */,
				607FACE31AFB9204008FA782 /* Resources */,
			);
			buildRules = (
			);
			dependencies = (
				607FACE71AFB9204008FA782 /* PBXTargetDependency */,
			);
			name = "dojo-ios-sdk-drop-in-ui_Tests";
			productName = Tests;
			productReference = 607FACE51AFB9204008FA782 /* dojo-ios-sdk-drop-in-ui_Tests.xctest */;
			productType = "com.apple.product-type.bundle.unit-test";
		};
/* End PBXNativeTarget section */

/* Begin PBXProject section */
		607FACC81AFB9204008FA782 /* Project object */ = {
			isa = PBXProject;
			attributes = {
				LastSwiftUpdateCheck = 0830;
				LastUpgradeCheck = 0830;
				ORGANIZATIONNAME = CocoaPods;
				TargetAttributes = {
					607FACCF1AFB9204008FA782 = {
						CreatedOnToolsVersion = 6.3.1;
						DevelopmentTeam = 3KD89Z88BH;
						LastSwiftMigration = 0900;
						ProvisioningStyle = Manual;
					};
					607FACE41AFB9204008FA782 = {
						CreatedOnToolsVersion = 6.3.1;
						LastSwiftMigration = 0900;
						TestTargetID = 607FACCF1AFB9204008FA782;
					};
				};
			};
			buildConfigurationList = 607FACCB1AFB9204008FA782 /* Build configuration list for PBXProject "dojo-ios-sdk-drop-in-ui" */;
			compatibilityVersion = "Xcode 3.2";
			developmentRegion = English;
			hasScannedForEncodings = 0;
			knownRegions = (
				English,
				en,
				Base,
			);
			mainGroup = 607FACC71AFB9204008FA782;
			productRefGroup = 607FACD11AFB9204008FA782 /* Products */;
			projectDirPath = "";
			projectRoot = "";
			targets = (
				607FACCF1AFB9204008FA782 /* Dojo-SDK-UI */,
				607FACE41AFB9204008FA782 /* dojo-ios-sdk-drop-in-ui_Tests */,
			);
		};
/* End PBXProject section */

/* Begin PBXResourcesBuildPhase section */
		607FACCE1AFB9204008FA782 /* Resources */ = {
			isa = PBXResourcesBuildPhase;
			buildActionMask = 2147483647;
			files = (
				276FE0E22898145F00AA836C /* Images.xcassets in Resources */,
				276FE0E02898145F00AA836C /* LaunchScreen.xib in Resources */,
				276FE0E12898145F00AA836C /* Main.storyboard in Resources */,
			);
			runOnlyForDeploymentPostprocessing = 0;
		};
		607FACE31AFB9204008FA782 /* Resources */ = {
			isa = PBXResourcesBuildPhase;
			buildActionMask = 2147483647;
			files = (
			);
			runOnlyForDeploymentPostprocessing = 0;
		};
/* End PBXResourcesBuildPhase section */

/* Begin PBXShellScriptBuildPhase section */
		2B4F2374D6F40E5B69657F67 /* [CP] Copy Pods Resources */ = {
			isa = PBXShellScriptBuildPhase;
			buildActionMask = 2147483647;
			files = (
			);
			inputPaths = (
				"${PODS_ROOT}/Target Support Files/Pods-Dojo-SDK-UI/Pods-Dojo-SDK-UI-resources.sh",
				"${PODS_CONFIGURATION_BUILD_DIR}/dojo-ios-sdk-drop-in-ui/DojoSDKUIResources.bundle",
			);
			name = "[CP] Copy Pods Resources";
			outputPaths = (
				"${TARGET_BUILD_DIR}/${UNLOCALIZED_RESOURCES_FOLDER_PATH}/DojoSDKUIResources.bundle",
			);
			runOnlyForDeploymentPostprocessing = 0;
			shellPath = /bin/sh;
			shellScript = "\"${PODS_ROOT}/Target Support Files/Pods-Dojo-SDK-UI/Pods-Dojo-SDK-UI-resources.sh\"\n";
			showEnvVarsInLog = 0;
		};
		3C2A8191C86D62EA19CDF931 /* [CP] Check Pods Manifest.lock */ = {
			isa = PBXShellScriptBuildPhase;
			buildActionMask = 2147483647;
			files = (
			);
			inputFileListPaths = (
			);
			inputPaths = (
				"${PODS_PODFILE_DIR_PATH}/Podfile.lock",
				"${PODS_ROOT}/Manifest.lock",
			);
			name = "[CP] Check Pods Manifest.lock";
			outputFileListPaths = (
			);
			outputPaths = (
				"$(DERIVED_FILE_DIR)/Pods-Dojo-SDK-UI-checkManifestLockResult.txt",
			);
			runOnlyForDeploymentPostprocessing = 0;
			shellPath = /bin/sh;
			shellScript = "diff \"${PODS_PODFILE_DIR_PATH}/Podfile.lock\" \"${PODS_ROOT}/Manifest.lock\" > /dev/null\nif [ $? != 0 ] ; then\n    # print error to STDERR\n    echo \"error: The sandbox is not in sync with the Podfile.lock. Run 'pod install' or update your CocoaPods installation.\" >&2\n    exit 1\nfi\n# This output is used by Xcode 'outputs' to avoid re-running this script phase.\necho \"SUCCESS\" > \"${SCRIPT_OUTPUT_FILE_0}\"\n";
			showEnvVarsInLog = 0;
		};
		7BDB1F267519759AA5995F10 /* [CP] Check Pods Manifest.lock */ = {
			isa = PBXShellScriptBuildPhase;
			buildActionMask = 2147483647;
			files = (
			);
			inputFileListPaths = (
			);
			inputPaths = (
				"${PODS_PODFILE_DIR_PATH}/Podfile.lock",
				"${PODS_ROOT}/Manifest.lock",
			);
			name = "[CP] Check Pods Manifest.lock";
			outputFileListPaths = (
			);
			outputPaths = (
				"$(DERIVED_FILE_DIR)/Pods-dojo-ios-sdk-drop-in-ui_Tests-checkManifestLockResult.txt",
			);
			runOnlyForDeploymentPostprocessing = 0;
			shellPath = /bin/sh;
			shellScript = "diff \"${PODS_PODFILE_DIR_PATH}/Podfile.lock\" \"${PODS_ROOT}/Manifest.lock\" > /dev/null\nif [ $? != 0 ] ; then\n    # print error to STDERR\n    echo \"error: The sandbox is not in sync with the Podfile.lock. Run 'pod install' or update your CocoaPods installation.\" >&2\n    exit 1\nfi\n# This output is used by Xcode 'outputs' to avoid re-running this script phase.\necho \"SUCCESS\" > \"${SCRIPT_OUTPUT_FILE_0}\"\n";
			showEnvVarsInLog = 0;
		};
		C266038732CF55C4269291C1 /* [CP] Embed Pods Frameworks */ = {
			isa = PBXShellScriptBuildPhase;
			buildActionMask = 2147483647;
			files = (
			);
			inputPaths = (
				"${PODS_ROOT}/Target Support Files/Pods-Dojo-SDK-UI/Pods-Dojo-SDK-UI-frameworks.sh",
				"${BUILT_PRODUCTS_DIR}/CocoaDebug/CocoaDebug.framework",
				"${BUILT_PRODUCTS_DIR}/dojo-ios-sdk/dojo_ios_sdk.framework",
				"${PODS_XCFRAMEWORKS_BUILD_DIR}/dojo-ios-sdk/CardinalMobile.framework/CardinalMobile",
			);
			name = "[CP] Embed Pods Frameworks";
			outputPaths = (
				"${TARGET_BUILD_DIR}/${FRAMEWORKS_FOLDER_PATH}/CocoaDebug.framework",
				"${TARGET_BUILD_DIR}/${FRAMEWORKS_FOLDER_PATH}/dojo_ios_sdk.framework",
				"${TARGET_BUILD_DIR}/${FRAMEWORKS_FOLDER_PATH}/CardinalMobile.framework",
			);
			runOnlyForDeploymentPostprocessing = 0;
			shellPath = /bin/sh;
			shellScript = "\"${PODS_ROOT}/Target Support Files/Pods-Dojo-SDK-UI/Pods-Dojo-SDK-UI-frameworks.sh\"\n";
			showEnvVarsInLog = 0;
		};
/* End PBXShellScriptBuildPhase section */

/* Begin PBXSourcesBuildPhase section */
		607FACCC1AFB9204008FA782 /* Sources */ = {
			isa = PBXSourcesBuildPhase;
			buildActionMask = 2147483647;
			files = (
				276FE0E32898145F00AA836C /* AppDelegate.swift in Sources */,
				276FE0DF2898145F00AA836C /* ViewController.swift in Sources */,
			);
			runOnlyForDeploymentPostprocessing = 0;
		};
		607FACE11AFB9204008FA782 /* Sources */ = {
			isa = PBXSourcesBuildPhase;
			buildActionMask = 2147483647;
			files = (
				607FACEC1AFB9204008FA782 /* Tests.swift in Sources */,
			);
			runOnlyForDeploymentPostprocessing = 0;
		};
/* End PBXSourcesBuildPhase section */

/* Begin PBXTargetDependency section */
		607FACE71AFB9204008FA782 /* PBXTargetDependency */ = {
			isa = PBXTargetDependency;
			target = 607FACCF1AFB9204008FA782 /* Dojo-SDK-UI */;
			targetProxy = 607FACE61AFB9204008FA782 /* PBXContainerItemProxy */;
		};
/* End PBXTargetDependency section */

/* Begin PBXVariantGroup section */
		276FE0D82898145F00AA836C /* LaunchScreen.xib */ = {
			isa = PBXVariantGroup;
			children = (
				276FE0D92898145F00AA836C /* Base */,
			);
			name = LaunchScreen.xib;
			sourceTree = "<group>";
		};
		276FE0DA2898145F00AA836C /* Main.storyboard */ = {
			isa = PBXVariantGroup;
			children = (
				276FE0DB2898145F00AA836C /* Base */,
			);
			name = Main.storyboard;
			sourceTree = "<group>";
		};
/* End PBXVariantGroup section */

/* Begin XCBuildConfiguration section */
		607FACED1AFB9204008FA782 /* Debug */ = {
			isa = XCBuildConfiguration;
			buildSettings = {
				ALWAYS_SEARCH_USER_PATHS = NO;
				CLANG_CXX_LANGUAGE_STANDARD = "gnu++0x";
				CLANG_CXX_LIBRARY = "libc++";
				CLANG_ENABLE_MODULES = YES;
				CLANG_ENABLE_OBJC_ARC = YES;
				CLANG_WARN_BLOCK_CAPTURE_AUTORELEASING = YES;
				CLANG_WARN_BOOL_CONVERSION = YES;
				CLANG_WARN_COMMA = YES;
				CLANG_WARN_CONSTANT_CONVERSION = YES;
				CLANG_WARN_DIRECT_OBJC_ISA_USAGE = YES_ERROR;
				CLANG_WARN_EMPTY_BODY = YES;
				CLANG_WARN_ENUM_CONVERSION = YES;
				CLANG_WARN_INFINITE_RECURSION = YES;
				CLANG_WARN_INT_CONVERSION = YES;
				CLANG_WARN_NON_LITERAL_NULL_CONVERSION = YES;
				CLANG_WARN_OBJC_LITERAL_CONVERSION = YES;
				CLANG_WARN_OBJC_ROOT_CLASS = YES_ERROR;
				CLANG_WARN_RANGE_LOOP_ANALYSIS = YES;
				CLANG_WARN_STRICT_PROTOTYPES = YES;
				CLANG_WARN_SUSPICIOUS_MOVE = YES;
				CLANG_WARN_UNREACHABLE_CODE = YES;
				CLANG_WARN__DUPLICATE_METHOD_MATCH = YES;
				"CODE_SIGN_IDENTITY[sdk=iphoneos*]" = "iPhone Developer";
				COPY_PHASE_STRIP = NO;
				DEBUG_INFORMATION_FORMAT = "dwarf-with-dsym";
				ENABLE_STRICT_OBJC_MSGSEND = YES;
				ENABLE_TESTABILITY = YES;
				GCC_C_LANGUAGE_STANDARD = gnu99;
				GCC_DYNAMIC_NO_PIC = NO;
				GCC_NO_COMMON_BLOCKS = YES;
				GCC_OPTIMIZATION_LEVEL = 0;
				GCC_PREPROCESSOR_DEFINITIONS = (
					"DEBUG=1",
					"$(inherited)",
				);
				GCC_SYMBOLS_PRIVATE_EXTERN = NO;
				GCC_WARN_64_TO_32_BIT_CONVERSION = YES;
				GCC_WARN_ABOUT_RETURN_TYPE = YES_ERROR;
				GCC_WARN_UNDECLARED_SELECTOR = YES;
				GCC_WARN_UNINITIALIZED_AUTOS = YES_AGGRESSIVE;
				GCC_WARN_UNUSED_FUNCTION = YES;
				GCC_WARN_UNUSED_VARIABLE = YES;
				IPHONEOS_DEPLOYMENT_TARGET = 9.3;
				MTL_ENABLE_DEBUG_INFO = YES;
				ONLY_ACTIVE_ARCH = YES;
				SDKROOT = iphoneos;
				SWIFT_OPTIMIZATION_LEVEL = "-Onone";
			};
			name = Debug;
		};
		607FACEE1AFB9204008FA782 /* Release */ = {
			isa = XCBuildConfiguration;
			buildSettings = {
				ALWAYS_SEARCH_USER_PATHS = NO;
				CLANG_CXX_LANGUAGE_STANDARD = "gnu++0x";
				CLANG_CXX_LIBRARY = "libc++";
				CLANG_ENABLE_MODULES = YES;
				CLANG_ENABLE_OBJC_ARC = YES;
				CLANG_WARN_BLOCK_CAPTURE_AUTORELEASING = YES;
				CLANG_WARN_BOOL_CONVERSION = YES;
				CLANG_WARN_COMMA = YES;
				CLANG_WARN_CONSTANT_CONVERSION = YES;
				CLANG_WARN_DIRECT_OBJC_ISA_USAGE = YES_ERROR;
				CLANG_WARN_EMPTY_BODY = YES;
				CLANG_WARN_ENUM_CONVERSION = YES;
				CLANG_WARN_INFINITE_RECURSION = YES;
				CLANG_WARN_INT_CONVERSION = YES;
				CLANG_WARN_NON_LITERAL_NULL_CONVERSION = YES;
				CLANG_WARN_OBJC_LITERAL_CONVERSION = YES;
				CLANG_WARN_OBJC_ROOT_CLASS = YES_ERROR;
				CLANG_WARN_RANGE_LOOP_ANALYSIS = YES;
				CLANG_WARN_STRICT_PROTOTYPES = YES;
				CLANG_WARN_SUSPICIOUS_MOVE = YES;
				CLANG_WARN_UNREACHABLE_CODE = YES;
				CLANG_WARN__DUPLICATE_METHOD_MATCH = YES;
				"CODE_SIGN_IDENTITY[sdk=iphoneos*]" = "iPhone Developer";
				COPY_PHASE_STRIP = NO;
				DEBUG_INFORMATION_FORMAT = "dwarf-with-dsym";
				ENABLE_NS_ASSERTIONS = NO;
				ENABLE_STRICT_OBJC_MSGSEND = YES;
				GCC_C_LANGUAGE_STANDARD = gnu99;
				GCC_NO_COMMON_BLOCKS = YES;
				GCC_WARN_64_TO_32_BIT_CONVERSION = YES;
				GCC_WARN_ABOUT_RETURN_TYPE = YES_ERROR;
				GCC_WARN_UNDECLARED_SELECTOR = YES;
				GCC_WARN_UNINITIALIZED_AUTOS = YES_AGGRESSIVE;
				GCC_WARN_UNUSED_FUNCTION = YES;
				GCC_WARN_UNUSED_VARIABLE = YES;
				IPHONEOS_DEPLOYMENT_TARGET = 9.3;
				MTL_ENABLE_DEBUG_INFO = NO;
				SDKROOT = iphoneos;
				SWIFT_OPTIMIZATION_LEVEL = "-Owholemodule";
				VALIDATE_PRODUCT = YES;
			};
			name = Release;
		};
		607FACF01AFB9204008FA782 /* Debug */ = {
			isa = XCBuildConfiguration;
			baseConfigurationReference = 598FF2AD9762949C674C9385 /* Pods-Dojo-SDK-UI.debug.xcconfig */;
			buildSettings = {
				ASSETCATALOG_COMPILER_APPICON_NAME = AppIcon;
				CODE_SIGN_ENTITLEMENTS = "dojo-ios-sdk-drop-in-ui_Example.entitlements";
				CODE_SIGN_STYLE = Manual;
				CURRENT_PROJECT_VERSION = 1;
				DEVELOPMENT_TEAM = "";
				"DEVELOPMENT_TEAM[sdk=iphoneos*]" = 3KD89Z88BH;
				INFOPLIST_FILE = "$(SRCROOT)/Example/Info.plist";
				INFOPLIST_KEY_CFBundleDisplayName = "Dojo SDK UI";
				IPHONEOS_DEPLOYMENT_TARGET = 11.0;
				LD_RUNPATH_SEARCH_PATHS = "$(inherited) @executable_path/Frameworks";
				MARKETING_VERSION = 0.0.1;
				MODULE_NAME = ExampleApp;
				PRODUCT_BUNDLE_IDENTIFIER = uk.co.paymentsense.sdk.demo.app;
				PRODUCT_NAME = "$(TARGET_NAME)";
				PROVISIONING_PROFILE_SPECIFIER = "";
				"PROVISIONING_PROFILE_SPECIFIER[sdk=iphoneos*]" = "SDK UI DEMO App";
				SUPPORTED_PLATFORMS = "iphoneos iphonesimulator";
				SUPPORTS_MACCATALYST = NO;
				SUPPORTS_MAC_DESIGNED_FOR_IPHONE_IPAD = YES;
				SWIFT_SWIFT3_OBJC_INFERENCE = Default;
				SWIFT_VERSION = 5.0;
				TARGETED_DEVICE_FAMILY = "1,2";
			};
			name = Debug;
		};
		607FACF11AFB9204008FA782 /* Release */ = {
			isa = XCBuildConfiguration;
			baseConfigurationReference = DC504533B71B1BE4EACB8F7B /* Pods-Dojo-SDK-UI.release.xcconfig */;
			buildSettings = {
				ASSETCATALOG_COMPILER_APPICON_NAME = AppIcon;
				CODE_SIGN_ENTITLEMENTS = "dojo-ios-sdk-drop-in-ui_Example.entitlements";
				CODE_SIGN_STYLE = Manual;
				CURRENT_PROJECT_VERSION = 1;
				DEVELOPMENT_TEAM = "";
				"DEVELOPMENT_TEAM[sdk=iphoneos*]" = 3KD89Z88BH;
				INFOPLIST_FILE = "$(SRCROOT)/Example/Info.plist";
				INFOPLIST_KEY_CFBundleDisplayName = "Dojo SDK UI";
				IPHONEOS_DEPLOYMENT_TARGET = 11.0;
				LD_RUNPATH_SEARCH_PATHS = "$(inherited) @executable_path/Frameworks";
				MARKETING_VERSION = 0.0.1;
				MODULE_NAME = ExampleApp;
				PRODUCT_BUNDLE_IDENTIFIER = uk.co.paymentsense.sdk.demo.app;
				PRODUCT_NAME = "$(TARGET_NAME)";
				PROVISIONING_PROFILE_SPECIFIER = "";
				"PROVISIONING_PROFILE_SPECIFIER[sdk=iphoneos*]" = "SDK UI DEMO App";
				SUPPORTED_PLATFORMS = "iphoneos iphonesimulator";
				SUPPORTS_MACCATALYST = NO;
				SUPPORTS_MAC_DESIGNED_FOR_IPHONE_IPAD = YES;
				SWIFT_SWIFT3_OBJC_INFERENCE = Default;
				SWIFT_VERSION = 5.0;
				TARGETED_DEVICE_FAMILY = "1,2";
			};
			name = Release;
		};
		607FACF31AFB9204008FA782 /* Debug */ = {
			isa = XCBuildConfiguration;
			baseConfigurationReference = 8A43F148B661C037645F5564 /* Pods-dojo-ios-sdk-drop-in-ui_Tests.debug.xcconfig */;
			buildSettings = {
				ALWAYS_EMBED_SWIFT_STANDARD_LIBRARIES = YES;
				FRAMEWORK_SEARCH_PATHS = (
					"$(PLATFORM_DIR)/Developer/Library/Frameworks",
					"$(inherited)",
				);
				GCC_PREPROCESSOR_DEFINITIONS = (
					"DEBUG=1",
					"$(inherited)",
				);
				INFOPLIST_FILE = Tests/Info.plist;
				IPHONEOS_DEPLOYMENT_TARGET = 11.0;
				LD_RUNPATH_SEARCH_PATHS = "$(inherited) @executable_path/Frameworks @loader_path/Frameworks";
				PRODUCT_BUNDLE_IDENTIFIER = "org.cocoapods.$(PRODUCT_NAME:rfc1034identifier)";
				PRODUCT_NAME = "$(TARGET_NAME)";
				SWIFT_SWIFT3_OBJC_INFERENCE = Default;
				SWIFT_VERSION = 4.0;
				TEST_HOST = "$(BUILT_PRODUCTS_DIR)/Dojo-SDK-UI.app/$(BUNDLE_EXECUTABLE_FOLDER_PATH)/Dojo-SDK-UI";
			};
			name = Debug;
		};
		607FACF41AFB9204008FA782 /* Release */ = {
			isa = XCBuildConfiguration;
			baseConfigurationReference = AE617861993E3742BA4B04F6 /* Pods-dojo-ios-sdk-drop-in-ui_Tests.release.xcconfig */;
			buildSettings = {
				ALWAYS_EMBED_SWIFT_STANDARD_LIBRARIES = YES;
				FRAMEWORK_SEARCH_PATHS = (
					"$(PLATFORM_DIR)/Developer/Library/Frameworks",
					"$(inherited)",
				);
				INFOPLIST_FILE = Tests/Info.plist;
				IPHONEOS_DEPLOYMENT_TARGET = 11.0;
				LD_RUNPATH_SEARCH_PATHS = "$(inherited) @executable_path/Frameworks @loader_path/Frameworks";
				PRODUCT_BUNDLE_IDENTIFIER = "org.cocoapods.$(PRODUCT_NAME:rfc1034identifier)";
				PRODUCT_NAME = "$(TARGET_NAME)";
				SWIFT_SWIFT3_OBJC_INFERENCE = Default;
				SWIFT_VERSION = 4.0;
				TEST_HOST = "$(BUILT_PRODUCTS_DIR)/Dojo-SDK-UI.app/$(BUNDLE_EXECUTABLE_FOLDER_PATH)/Dojo-SDK-UI";
			};
			name = Release;
		};
/* End XCBuildConfiguration section */

/* Begin XCConfigurationList section */
		607FACCB1AFB9204008FA782 /* Build configuration list for PBXProject "dojo-ios-sdk-drop-in-ui" */ = {
			isa = XCConfigurationList;
			buildConfigurations = (
				607FACED1AFB9204008FA782 /* Debug */,
				607FACEE1AFB9204008FA782 /* Release */,
			);
			defaultConfigurationIsVisible = 0;
			defaultConfigurationName = Release;
		};
		607FACEF1AFB9204008FA782 /* Build configuration list for PBXNativeTarget "Dojo-SDK-UI" */ = {
			isa = XCConfigurationList;
			buildConfigurations = (
				607FACF01AFB9204008FA782 /* Debug */,
				607FACF11AFB9204008FA782 /* Release */,
			);
			defaultConfigurationIsVisible = 0;
			defaultConfigurationName = Release;
		};
		607FACF21AFB9204008FA782 /* Build configuration list for PBXNativeTarget "dojo-ios-sdk-drop-in-ui_Tests" */ = {
			isa = XCConfigurationList;
			buildConfigurations = (
				607FACF31AFB9204008FA782 /* Debug */,
				607FACF41AFB9204008FA782 /* Release */,
			);
			defaultConfigurationIsVisible = 0;
			defaultConfigurationName = Release;
		};
/* End XCConfigurationList section */
	};
	rootObject = 607FACC81AFB9204008FA782 /* Project object */;
}
